
Microsoft Visual Studio Solution File, Format Version 12.00
# Visual Studio Version 17
VisualStudioVersion = 17.2.32616.157
MinimumVisualStudioVersion = 10.0.40219.1
Project("{FAE04EC0-301F-11D3-BF4B-00C04F79EFBC}") = "DevUtility.API", "DevUtility.API\DevUtility.API.csproj", "{20F7A4CD-230B-4044-B72A-E9611440B67E}"
EndProject
Global
	GlobalSection(SolutionConfigurationPlatforms) = preSolution
		Debug|Any CPU = Debug|Any CPU
		Release|Any CPU = Release|Any CPU
	EndGlobalSection
	GlobalSection(ProjectConfigurationPlatforms) = postSolution
		{20F7A4CD-230B-4044-B72A-E9611440B67E}.Debug|Any CPU.ActiveCfg = Debug|Any CPU
		{20F7A4CD-230B-4044-B72A-E9611440B67E}.Debug|Any CPU.Build.0 = Debug|Any CPU
		{20F7A4CD-230B-4044-B72A-E9611440B67E}.Release|Any CPU.ActiveCfg = Release|Any CPU
		{20F7A4CD-230B-4044-B72A-E9611440B67E}.Release|Any CPU.Build.0 = Release|Any CPU
	EndGlobalSection
	GlobalSection(SolutionProperties) = preSolution
		HideSolutionNode = FALSE
	EndGlobalSection
	GlobalSection(ExtensibilityGlobals) = postSolution
		SolutionGuid = {3ECAE7A4-D45F-4915-8E62-88B2978261AB}
	EndGlobalSection
EndGlobal
